
Microsoft Visual Studio Solution File, Format Version 12.00
# Visual Studio Version 17
VisualStudioVersion = 17.3.32901.215
MinimumVisualStudioVersion = 10.0.40219.1
Project("{FAE04EC0-301F-11D3-BF4B-00C04F79EFBC}") = "Toec-Remote-Installer", "Toec-Remote-Installer\Toec-Remote-Installer.csproj", "{D10C9C19-65BE-4FBB-88C5-BD8991AE9EA7}"
EndProject
Global
	GlobalSection(SolutionConfigurationPlatforms) = preSolution
		Debug|Any CPU = Debug|Any CPU
		Release|Any CPU = Release|Any CPU
	EndGlobalSection
	GlobalSection(ProjectConfigurationPlatforms) = postSolution
		{D10C9C19-65BE-4FBB-88C5-BD8991AE9EA7}.Debug|Any CPU.ActiveCfg = Debug|Any CPU
		{D10C9C19-65BE-4FBB-88C5-BD8991AE9EA7}.Debug|Any CPU.Build.0 = Debug|Any CPU
		{D10C9C19-65BE-4FBB-88C5-BD8991AE9EA7}.Release|Any CPU.ActiveCfg = Release|Any CPU
		{D10C9C19-65BE-4FBB-88C5-BD8991AE9EA7}.Release|Any CPU.Build.0 = Release|Any CPU
	EndGlobalSection
	GlobalSection(SolutionProperties) = preSolution
		HideSolutionNode = FALSE
	EndGlobalSection
	GlobalSection(ExtensibilityGlobals) = postSolution
		SolutionGuid = {0CAAD2B8-6D65-4A4C-88C7-4B2D8FA3F506}
	EndGlobalSection
EndGlobal
